
Microsoft Visual Studio Solution File, Format Version 12.00
# Visual Studio Version 17
VisualStudioVersion = 17.3.32922.545
MinimumVisualStudioVersion = 10.0.40219.1
Project("{FAE04EC0-301F-11D3-BF4B-00C04F79EFBC}") = "PagTesouroHomologacao", "PagTesouroHomologacao\PagTesouroHomologacao.csproj", "{7A1037AB-A471-4EEA-878C-490A9CA5DA61}"
EndProject
Global
	GlobalSection(SolutionConfigurationPlatforms) = preSolution
		Debug|Any CPU = Debug|Any CPU
		Release|Any CPU = Release|Any CPU
	EndGlobalSection
	GlobalSection(ProjectConfigurationPlatforms) = postSolution
		{7A1037AB-A471-4EEA-878C-490A9CA5DA61}.Debug|Any CPU.ActiveCfg = Debug|Any CPU
		{7A1037AB-A471-4EEA-878C-490A9CA5DA61}.Debug|Any CPU.Build.0 = Debug|Any CPU
		{7A1037AB-A471-4EEA-878C-490A9CA5DA61}.Release|Any CPU.ActiveCfg = Release|Any CPU
		{7A1037AB-A471-4EEA-878C-490A9CA5DA61}.Release|Any CPU.Build.0 = Release|Any CPU
	EndGlobalSection
	GlobalSection(SolutionProperties) = preSolution
		HideSolutionNode = FALSE
	EndGlobalSection
	GlobalSection(ExtensibilityGlobals) = postSolution
		SolutionGuid = {2037E48A-1983-449B-A1D2-DA65660E39A2}
	EndGlobalSection
EndGlobal
